
Microsoft Visual Studio Solution File, Format Version 12.00
# Visual Studio 15
VisualStudioVersion = 15.0.26228.9
MinimumVisualStudioVersion = 10.0.40219.1
Project("{FAE04EC0-301F-11D3-BF4B-00C04F79EFBC}") = "Bot Application1", "Bot Application1\Bot Application1.csproj", "{BC7C5E6F-223B-4FC6-9177-061B16319E20}"
EndProject
Global
	GlobalSection(SolutionConfigurationPlatforms) = preSolution
		Debug|Any CPU = Debug|Any CPU
		Release|Any CPU = Release|Any CPU
	EndGlobalSection
	GlobalSection(ProjectConfigurationPlatforms) = postSolution
		{BC7C5E6F-223B-4FC6-9177-061B16319E20}.Debug|Any CPU.ActiveCfg = Debug|Any CPU
		{BC7C5E6F-223B-4FC6-9177-061B16319E20}.Debug|Any CPU.Build.0 = Debug|Any CPU
		{BC7C5E6F-223B-4FC6-9177-061B16319E20}.Release|Any CPU.ActiveCfg = Release|Any CPU
		{BC7C5E6F-223B-4FC6-9177-061B16319E20}.Release|Any CPU.Build.0 = Release|Any CPU
	EndGlobalSection
	GlobalSection(SolutionProperties) = preSolution
		HideSolutionNode = FALSE
	EndGlobalSection
EndGlobal
